Microsoft Visual Studio Solution File, Format Version 12.00
# Visual Studio Version 17
VisualStudioVersion = 17.5.2.0
MinimumVisualStudioVersion = 10.0.40219.1
Project("{FAE04EC0-301F-11D3-BF4B-00C04F79EFBC}") = "GitSync", "GitSync.csproj", "{601D99E1-2B8F-E05C-B8E6-E62C2CEB71FF}"
EndProject
Project("{FAE04EC0-301F-11D3-BF4B-00C04F79EFBC}") = "GttrcrGist", "GttrcrGist\GttrcrGist.csproj", "{9DB4B661-70D2-D99F-DB33-7B021F4FB653}"
EndProject
Global
	GlobalSection(SolutionConfigurationPlatforms) = preSolution
		Debug|Any CPU = Debug|Any CPU
		Release|Any CPU = Release|Any CPU
	EndGlobalSection
	GlobalSection(ProjectConfigurationPlatforms) = postSolution
		{601D99E1-2B8F-E05C-B8E6-E62C2CEB71FF}.Debug|Any CPU.ActiveCfg = Debug|Any CPU
		{601D99E1-2B8F-E05C-B8E6-E62C2CEB71FF}.Debug|Any CPU.Build.0 = Debug|Any CPU
		{601D99E1-2B8F-E05C-B8E6-E62C2CEB71FF}.Release|Any CPU.ActiveCfg = Release|Any CPU
		{601D99E1-2B8F-E05C-B8E6-E62C2CEB71FF}.Release|Any CPU.Build.0 = Release|Any CPU
		{9DB4B661-70D2-D99F-DB33-7B021F4FB653}.Debug|Any CPU.ActiveCfg = Debug|Any CPU
		{9DB4B661-70D2-D99F-DB33-7B021F4FB653}.Debug|Any CPU.Build.0 = Debug|Any CPU
		{9DB4B661-70D2-D99F-DB33-7B021F4FB653}.Release|Any CPU.ActiveCfg = Release|Any CPU
		{9DB4B661-70D2-D99F-DB33-7B021F4FB653}.Release|Any CPU.Build.0 = Release|Any CPU
	EndGlobalSection
	GlobalSection(SolutionProperties) = preSolution
		HideSolutionNode = FALSE
	EndGlobalSection
	GlobalSection(ExtensibilityGlobals) = postSolution
		SolutionGuid = {BC374F9E-8685-483A-BCFA-13AF463073F9}
	EndGlobalSection
EndGlobal
